lockfileVersion: '9.0'

settings:
  autoInstallPeers: true
  excludeLinksFromLockfile: false

importers:

  .:
    devDependencies:
      turbo:
        specifier: ^2.10.7
        version: 2.10.7

  packages/tsconfig: {}

packages:

  '@turbo/darwin-64@2.10.7':
    resolution: {integrity: sha512-/c9cSBRermWDv85oufLhoH6XRLOVbvzJLRd+WLyfJCP+i0HFLQj4PVNDrHcY17/ve5l8X0Oua4bJBqJUgJPnZA==}
    cpu: [x64]
    os: [darwin]

  '@turbo/darwin-arm64@2.10.7':
    resolution: {integrity: sha512-8lpCCGWZBl9PIF8w8f2iEWrLMbHBWIfJeV6l2UEGqysD6HRIM4ySj/8R7HGEzbECJ4r/gnJcHmxEoG8yjFe64A==}
    cpu: [arm64]
    os: [darwin]

  '@turbo/linux-64@2.10.7':
    resolution: {integrity: sha512-Midw9Ed00yw9rqkWN82fY3LmLNFQ6yiL1GXB56DJKUEjWaEd27zh7ohCxzzrjfjQVrEeVWd3UPytTAV16XDQlA==}
    cpu: [x64]
    os: [linux]

  '@turbo/linux-arm64@2.10.7':
    resolution: {integrity: sha512-UVEy+MW/xn4BcsiV3v3uv0/oObyaQgVtRT+Jj4WE53rNH05VEYEc1Z13q3zV6276wCZR4Yxc4hiTTcjw7PjSpg==}
    cpu: [arm64]
    os: [linux]

  '@turbo/windows-64@2.10.7':
    resolution: {integrity: sha512-l2nH9KGLV46SWjcXvyc2+xo5gdf5J0NVADknQk9OCJhzJBpiNl/byd26yIfwZBjLupdqT6UOdPhPxcpUPxRykQ==}
    cpu: [x64]
    os: [win32]

  '@turbo/windows-arm64@2.10.7':
    resolution: {integrity: sha512-qjE1apG6RThuX49vUJd5ks2dV2ndXC2qktDChQonFMvUzrMrEnZMQzO+IgxBiYq1j+NbXQcRwj84nGnk1TBw1g==}
    cpu: [arm64]
    os: [win32]

  turbo@2.10.7:
    resolution: {integrity: sha512-GHx6WExIFSKNJ5qMlzDpXBXlu9ApxaMjqxAVrCNcW94xf/+uqgIz41SAuRUMbXva2ExNAaY/h8V0q90SWSzmRw==}
    hasBin: true

snapshots:

  '@turbo/darwin-64@2.10.7':
    optional: true

  '@turbo/darwin-arm64@2.10.7':
    optional: true

  '@turbo/linux-64@2.10.7':
    optional: true

  '@turbo/linux-arm64@2.10.7':
    optional: true

  '@turbo/windows-64@2.10.7':
    optional: true

  '@turbo/windows-arm64@2.10.7':
    optional: true

  turbo@2.10.7:
    optionalDependencies:
      '@turbo/darwin-64': 2.10.7
      '@turbo/darwin-arm64': 2.10.7
      '@turbo/linux-64': 2.10.7
      '@turbo/linux-arm64': 2.10.7
      '@turbo/windows-64': 2.10.7
      '@turbo/windows-arm64': 2.10.7
